{
  "lockfileVersion": 1,
  "workspaces": {
    "": {
      "name": "proxy-server",
      "dependencies": {
        "axios": "^1.7.9",
        "https-proxy-agent": "^7.0.6",
        "node-fetch": "^3.3.2",
      },
      "devDependencies": {
        "@types/bun": "latest",
        "@types/chai": "^5.0.1",
        "@types/mocha": "^10.0.10",
        "@types/nock": "^11.1.0",
        "@types/node": "^20.0.0",
        "@types/sinon": "^17.0.4",
        "c8": "^8.0.1",
        "chai": "^5.2.0",
        "nock": "^14.0.1",
        "sinon": "^19.0.2",
        "tsx": "^4.19.3",
        "typescript": "^5.0.0",
      },
    },
  },
  "packages": {
    "@bcoe/v8-coverage": ["@bcoe/v8-coverage@0.2.3", "", {}, "sha512-0hYQ8SB4Db5zvZB4axdMHGwEaQjkZzFjQiN9LVYvIFB2nSUHW9tYpxWriPrWDASIxiaXax83REcLxuSdnGPZtw=="],

    "@esbuild/aix-ppc64": ["@esbuild/aix-ppc64@0.25.0", "", { "os": "aix", "cpu": "ppc64" }, "sha512-O7vun9Sf8DFjH2UtqK8Ku3LkquL9SZL8OLY1T5NZkA34+wG3OQF7cl4Ql8vdNzM6fzBbYfLaiRLIOZ+2FOCgBQ=="],

    "@esbuild/android-arm": ["@esbuild/android-arm@0.25.0", "", { "os": "android", "cpu": "arm" }, "sha512-PTyWCYYiU0+1eJKmw21lWtC+d08JDZPQ5g+kFyxP0V+es6VPPSUhM6zk8iImp2jbV6GwjX4pap0JFbUQN65X1g=="],

    "@esbuild/android-arm64": ["@esbuild/android-arm64@0.25.0", "", { "os": "android", "cpu": "arm64" }, "sha512-grvv8WncGjDSyUBjN9yHXNt+cq0snxXbDxy5pJtzMKGmmpPxeAmAhWxXI+01lU5rwZomDgD3kJwulEnhTRUd6g=="],

    "@esbuild/android-x64": ["@esbuild/android-x64@0.25.0", "", { "os": "android", "cpu": "x64" }, "sha512-m/ix7SfKG5buCnxasr52+LI78SQ+wgdENi9CqyCXwjVR2X4Jkz+BpC3le3AoBPYTC9NHklwngVXvbJ9/Akhrfg=="],

    "@esbuild/darwin-arm64": ["@esbuild/darwin-arm64@0.25.0", "", { "os": "darwin", "cpu": "arm64" }, "sha512-mVwdUb5SRkPayVadIOI78K7aAnPamoeFR2bT5nszFUZ9P8UpK4ratOdYbZZXYSqPKMHfS1wdHCJk1P1EZpRdvw=="],

    "@esbuild/darwin-x64": ["@esbuild/darwin-x64@0.25.0", "", { "os": "darwin", "cpu": "x64" }, "sha512-DgDaYsPWFTS4S3nWpFcMn/33ZZwAAeAFKNHNa1QN0rI4pUjgqf0f7ONmXf6d22tqTY+H9FNdgeaAa+YIFUn2Rg=="],

    "@esbuild/freebsd-arm64": ["@esbuild/freebsd-arm64@0.25.0", "", { "os": "freebsd", "cpu": "arm64" }, "sha512-VN4ocxy6dxefN1MepBx/iD1dH5K8qNtNe227I0mnTRjry8tj5MRk4zprLEdG8WPyAPb93/e4pSgi1SoHdgOa4w=="],

    "@esbuild/freebsd-x64": ["@esbuild/freebsd-x64@0.25.0", "", { "os": "freebsd", "cpu": "x64" }, "sha512-mrSgt7lCh07FY+hDD1TxiTyIHyttn6vnjesnPoVDNmDfOmggTLXRv8Id5fNZey1gl/V2dyVK1VXXqVsQIiAk+A=="],

    "@esbuild/linux-arm": ["@esbuild/linux-arm@0.25.0", "", { "os": "linux", "cpu": "arm" }, "sha512-vkB3IYj2IDo3g9xX7HqhPYxVkNQe8qTK55fraQyTzTX/fxaDtXiEnavv9geOsonh2Fd2RMB+i5cbhu2zMNWJwg=="],

    "@esbuild/linux-arm64": ["@esbuild/linux-arm64@0.25.0", "", { "os": "linux", "cpu": "arm64" }, "sha512-9QAQjTWNDM/Vk2bgBl17yWuZxZNQIF0OUUuPZRKoDtqF2k4EtYbpyiG5/Dk7nqeK6kIJWPYldkOcBqjXjrUlmg=="],

    "@esbuild/linux-ia32": ["@esbuild/linux-ia32@0.25.0", "", { "os": "linux", "cpu": "ia32" }, "sha512-43ET5bHbphBegyeqLb7I1eYn2P/JYGNmzzdidq/w0T8E2SsYL1U6un2NFROFRg1JZLTzdCoRomg8Rvf9M6W6Gg=="],

    "@esbuild/linux-loong64": ["@esbuild/linux-loong64@0.25.0", "", { "os": "linux", "cpu": "none" }, "sha512-fC95c/xyNFueMhClxJmeRIj2yrSMdDfmqJnyOY4ZqsALkDrrKJfIg5NTMSzVBr5YW1jf+l7/cndBfP3MSDpoHw=="],

    "@esbuild/linux-mips64el": ["@esbuild/linux-mips64el@0.25.0", "", { "os": "linux", "cpu": "none" }, "sha512-nkAMFju7KDW73T1DdH7glcyIptm95a7Le8irTQNO/qtkoyypZAnjchQgooFUDQhNAy4iu08N79W4T4pMBwhPwQ=="],

    "@esbuild/linux-ppc64": ["@esbuild/linux-ppc64@0.25.0", "", { "os": "linux", "cpu": "ppc64" }, "sha512-NhyOejdhRGS8Iwv+KKR2zTq2PpysF9XqY+Zk77vQHqNbo/PwZCzB5/h7VGuREZm1fixhs4Q/qWRSi5zmAiO4Fw=="],

    "@esbuild/linux-riscv64": ["@esbuild/linux-riscv64@0.25.0", "", { "os": "linux", "cpu": "none" }, "sha512-5S/rbP5OY+GHLC5qXp1y/Mx//e92L1YDqkiBbO9TQOvuFXM+iDqUNG5XopAnXoRH3FjIUDkeGcY1cgNvnXp/kA=="],

    "@esbuild/linux-s390x": ["@esbuild/linux-s390x@0.25.0", "", { "os": "linux", "cpu": "s390x" }, "sha512-XM2BFsEBz0Fw37V0zU4CXfcfuACMrppsMFKdYY2WuTS3yi8O1nFOhil/xhKTmE1nPmVyvQJjJivgDT+xh8pXJA=="],

    "@esbuild/linux-x64": ["@esbuild/linux-x64@0.25.0", "", { "os": "linux", "cpu": "x64" }, "sha512-9yl91rHw/cpwMCNytUDxwj2XjFpxML0y9HAOH9pNVQDpQrBxHy01Dx+vaMu0N1CKa/RzBD2hB4u//nfc+Sd3Cw=="],

    "@esbuild/netbsd-arm64": ["@esbuild/netbsd-arm64@0.25.0", "", { "os": "none", "cpu": "arm64" }, "sha512-RuG4PSMPFfrkH6UwCAqBzauBWTygTvb1nxWasEJooGSJ/NwRw7b2HOwyRTQIU97Hq37l3npXoZGYMy3b3xYvPw=="],

    "@esbuild/netbsd-x64": ["@esbuild/netbsd-x64@0.25.0", "", { "os": "none", "cpu": "x64" }, "sha512-jl+qisSB5jk01N5f7sPCsBENCOlPiS/xptD5yxOx2oqQfyourJwIKLRA2yqWdifj3owQZCL2sn6o08dBzZGQzA=="],

    "@esbuild/openbsd-arm64": ["@esbuild/openbsd-arm64@0.25.0", "", { "os": "openbsd", "cpu": "arm64" }, "sha512-21sUNbq2r84YE+SJDfaQRvdgznTD8Xc0oc3p3iW/a1EVWeNj/SdUCbm5U0itZPQYRuRTW20fPMWMpcrciH2EJw=="],

    "@esbuild/openbsd-x64": ["@esbuild/openbsd-x64@0.25.0", "", { "os": "openbsd", "cpu": "x64" }, "sha512-2gwwriSMPcCFRlPlKx3zLQhfN/2WjJ2NSlg5TKLQOJdV0mSxIcYNTMhk3H3ulL/cak+Xj0lY1Ym9ysDV1igceg=="],

    "@esbuild/sunos-x64": ["@esbuild/sunos-x64@0.25.0", "", { "os": "sunos", "cpu": "x64" }, "sha512-bxI7ThgLzPrPz484/S9jLlvUAHYMzy6I0XiU1ZMeAEOBcS0VePBFxh1JjTQt3Xiat5b6Oh4x7UC7IwKQKIJRIg=="],

    "@esbuild/win32-arm64": ["@esbuild/win32-arm64@0.25.0", "", { "os": "win32", "cpu": "arm64" }, "sha512-ZUAc2YK6JW89xTbXvftxdnYy3m4iHIkDtK3CLce8wg8M2L+YZhIvO1DKpxrd0Yr59AeNNkTiic9YLf6FTtXWMw=="],

    "@esbuild/win32-ia32": ["@esbuild/win32-ia32@0.25.0", "", { "os": "win32", "cpu": "ia32" }, "sha512-eSNxISBu8XweVEWG31/JzjkIGbGIJN/TrRoiSVZwZ6pkC6VX4Im/WV2cz559/TXLcYbcrDN8JtKgd9DJVIo8GA=="],

    "@esbuild/win32-x64": ["@esbuild/win32-x64@0.25.0", "", { "os": "win32", "cpu": "x64" }, "sha512-ZENoHJBxA20C2zFzh6AI4fT6RraMzjYw4xKWemRTRmRVtN9c5DcH9r/f2ihEkMjOW5eGgrwCslG/+Y/3bL+DHQ=="],

    "@istanbuljs/schema": ["@istanbuljs/schema@0.1.3", "", {}, "sha512-ZXRY4jNvVgSVQ8DL3LTcakaAtXwTVUxE81hslsyD2AtoXW/wVob10HkOJ1X/pAlcI7D+2YoZKg5do8G/w6RYgA=="],

    "@jridgewell/resolve-uri": ["@jridgewell/resolve-uri@3.1.2", "", {}, "sha512-bRISgCIjP20/tbWSPWMEi54QVPRZExkuD9lJL+UIxUKtwVJA8wW1Trb1jMs1RFXo1CBTNZ/5hpC9QvmKWdopKw=="],

    "@jridgewell/sourcemap-codec": ["@jridgewell/sourcemap-codec@1.5.0", "", {}, "sha512-gv3ZRaISU3fjPAgNsriBRqGWQL6quFx04YMPW/zD8XMLsU32mhCCbfbO6KZFLjvYpCZ8zyDEgqsgf+PwPaM7GQ=="],

    "@jridgewell/trace-mapping": ["@jridgewell/trace-mapping@0.3.25", "", { "dependencies": { "@jridgewell/resolve-uri": "^3.1.0", "@jridgewell/sourcemap-codec": "^1.4.14" } }, "sha512-vNk6aEwybGtawWmy/PzwnGDOjCkLWSD2wqvjGGAgOAwCGWySYXfYoxt00IJkTF+8Lb57DwOb3Aa0o9CApepiYQ=="],

    "@mswjs/interceptors": ["@mswjs/interceptors@0.37.6", "", { "dependencies": { "@open-draft/deferred-promise": "^2.2.0", "@open-draft/logger": "^0.3.0", "@open-draft/until": "^2.0.0", "is-node-process": "^1.2.0", "outvariant": "^1.4.3", "strict-event-emitter": "^0.5.1" } }, "sha512-wK+5pLK5XFmgtH3aQ2YVvA3HohS3xqV/OxuVOdNx9Wpnz7VE/fnC+e1A7ln6LFYeck7gOJ/dsZV6OLplOtAJ2w=="],

    "@open-draft/deferred-promise": ["@open-draft/deferred-promise@2.2.0", "", {}, "sha512-CecwLWx3rhxVQF6V4bAgPS5t+So2sTbPgAzafKkVizyi7tlwpcFpdFqq+wqF2OwNBmqFuu6tOyouTuxgpMfzmA=="],

    "@open-draft/logger": ["@open-draft/logger@0.3.0", "", { "dependencies": { "is-node-process": "^1.2.0", "outvariant": "^1.4.0" } }, "sha512-X2g45fzhxH238HKO4xbSr7+wBS8Fvw6ixhTDuvLd5mqh6bJJCFAPwU9mPDxbcrRtfxv4u5IHCEH77BmxvXmmxQ=="],

    "@open-draft/until": ["@open-draft/until@2.1.0", "", {}, "sha512-U69T3ItWHvLwGg5eJ0n3I62nWuE6ilHlmz7zM0npLBRvPRd7e6NYmg54vvRtP5mZG7kZqZCFVdsTWo7BPtBujg=="],

    "@sinonjs/commons": ["@sinonjs/commons@3.0.1", "", { "dependencies": { "type-detect": "4.0.8" } }, "sha512-K3mCHKQ9sVh8o1C9cxkwxaOmXoAMlDxC1mYyHrjqOWEcBjYr76t96zL2zlj5dUGZ3HSw240X1qgH3Mjf1yJWpQ=="],

    "@sinonjs/fake-timers": ["@sinonjs/fake-timers@13.0.5", "", { "dependencies": { "@sinonjs/commons": "^3.0.1" } }, "sha512-36/hTbH2uaWuGVERyC6da9YwGWnzUZXuPro/F2LfsdOsLnCojz/iSH8MxUt/FD2S5XBSVPhmArFUXcpCQ2Hkiw=="],

    "@sinonjs/samsam": ["@sinonjs/samsam@8.0.2", "", { "dependencies": { "@sinonjs/commons": "^3.0.1", "lodash.get": "^4.4.2", "type-detect": "^4.1.0" } }, "sha512-v46t/fwnhejRSFTGqbpn9u+LQ9xJDse10gNnPgAcxgdoCDMXj/G2asWAC/8Qs+BAZDicX+MNZouXT1A7c83kVw=="],

    "@sinonjs/text-encoding": ["@sinonjs/text-encoding@0.7.3", "", {}, "sha512-DE427ROAphMQzU4ENbliGYrBSYPXF+TtLg9S8vzeA+OF4ZKzoDdzfL8sxuMUGS/lgRhM6j1URSk9ghf7Xo1tyA=="],

    "@types/bun": ["@types/bun@1.2.2", "", { "dependencies": { "bun-types": "1.2.2" } }, "sha512-tr74gdku+AEDN5ergNiBnplr7hpDp3V1h7fqI2GcR/rsUaM39jpSeKH0TFibRvU0KwniRx5POgaYnaXbk0hU+w=="],

    "@types/chai": ["@types/chai@5.0.1", "", { "dependencies": { "@types/deep-eql": "*" } }, "sha512-5T8ajsg3M/FOncpLYW7sdOcD6yf4+722sze/tc4KQV0P8Z2rAr3SAuHCIkYmYpt8VbcQlnz8SxlOlPQYefe4cA=="],

    "@types/deep-eql": ["@types/deep-eql@4.0.2", "", {}, "sha512-c9h9dVVMigMPc4bwTvC5dxqtqJZwQPePsWjPlpSOnojbor6pGqdk541lfA7AqFQr5pB1BRdq0juY9db81BwyFw=="],

    "@types/istanbul-lib-coverage": ["@types/istanbul-lib-coverage@2.0.6", "", {}, "sha512-2QF/t/auWm0lsy8XtKVPG19v3sSOQlJe/YHZgfjb/KBBHOGSV+J2q/S671rcq9uTBrLAXmZpqJiaQbMT+zNU1w=="],

    "@types/mocha": ["@types/mocha@10.0.10", "", {}, "sha512-xPyYSz1cMPnJQhl0CLMH68j3gprKZaTjG3s5Vi+fDgx+uhG9NOXwbVt52eFS8ECyXhyKcjDLCBEqBExKuiZb7Q=="],

    "@types/nock": ["@types/nock@11.1.0", "", { "dependencies": { "nock": "*" } }, "sha512-jI/ewavBQ7X5178262JQR0ewicPAcJhXS/iFaNJl0VHLfyosZ/kwSrsa6VNQNSO8i9d8SqdRgOtZSOKJ/+iNMw=="],

    "@types/node": ["@types/node@20.17.19", "", { "dependencies": { "undici-types": "~6.19.2" } }, "sha512-LEwC7o1ifqg/6r2gn9Dns0f1rhK+fPFDoMiceTJ6kWmVk6bgXBI/9IOWfVan4WiAavK9pIVWdX0/e3J+eEUh5A=="],

    "@types/sinon": ["@types/sinon@17.0.4", "", { "dependencies": { "@types/sinonjs__fake-timers": "*" } }, "sha512-RHnIrhfPO3+tJT0s7cFaXGZvsL4bbR3/k7z3P312qMS4JaS2Tk+KiwiLx1S0rQ56ERj00u1/BtdyVd0FY+Pdew=="],

    "@types/sinonjs__fake-timers": ["@types/sinonjs__fake-timers@8.1.5", "", {}, "sha512-mQkU2jY8jJEF7YHjHvsQO8+3ughTL1mcnn96igfhONmR+fUPSKIkefQYpSe8bsly2Ep7oQbn/6VG5/9/0qcArQ=="],

    "@types/ws": ["@types/ws@8.5.14", "", { "dependencies": { "@types/node": "*" } }, "sha512-bd/YFLW+URhBzMXurx7lWByOu+xzU9+kb3RboOteXYDfW+tr+JZa99OyNmPINEGB/ahzKrEuc8rcv4gnpJmxTw=="],

    "agent-base": ["agent-base@7.1.3", "", {}, "sha512-jRR5wdylq8CkOe6hei19GGZnxM6rBGwFl3Bg0YItGDimvjGtAvdZk4Pu6Cl4u4Igsws4a1fd1Vq3ezrhn4KmFw=="],

    "ansi-regex": ["ansi-regex@5.0.1", "", {}, "sha512-quJQXlTSUGL2LH9SUXo8VwsY4soanhgo6LNSm84E1LBcE8s3O0wpdiRzyR9z/ZZJMlMWv37qOOb9pdJlMUEKFQ=="],

    "ansi-styles": ["ansi-styles@4.3.0", "", { "dependencies": { "color-convert": "^2.0.1" } }, "sha512-zbB9rCJAT1rbjiVDb2hqKFHNYLxgtk8NURxZ3IZwD3F6NtxbXZQCnnSi1Lkx+IDohdPlFp222wVALIheZJQSEg=="],

    "assertion-error": ["assertion-error@2.0.1", "", {}, "sha512-Izi8RQcffqCeNVgFigKli1ssklIbpHnCYc6AknXGYoB6grJqyeby7jv12JUQgmTAnIDnbck1uxksT4dzN3PWBA=="],

    "asynckit": ["asynckit@0.4.0", "", {}, "sha512-Oei9OH4tRh0YqU3GxhX79dM/mwVgvbZJaSNaRk+bshkj0S5cfHcgYakreBjrHwatXKbz+IoIdYLxrKim2MjW0Q=="],

    "axios": ["axios@1.7.9", "", { "dependencies": { "follow-redirects": "^1.15.6", "form-data": "^4.0.0", "proxy-from-env": "^1.1.0" } }, "sha512-LhLcE7Hbiryz8oMDdDptSrWowmB4Bl6RCt6sIJKpRB4XtVf0iEgewX3au/pJqm+Py1kCASkb/FFKjxQaLtxJvw=="],

    "balanced-match": ["balanced-match@1.0.2", "", {}, "sha512-3oSeUO0TMV67hN1AmbXsK4yaqU7tjiHlbxRDZOpH0KW9+CeX4bRAaX0Anxt0tx2MrpRpWwQaPwIlISEJhYU5Pw=="],

    "brace-expansion": ["brace-expansion@1.1.11", "", { "dependencies": { "balanced-match": "^1.0.0", "concat-map": "0.0.1" } }, "sha512-iCuPHDFgrHX7H2vEI/5xpz07zSHB00TpugqhmYtVmMO6518mCuRMoOYFldEBl0g187ufozdaHgWKcYFb61qGiA=="],

    "bun-types": ["bun-types@1.2.2", "", { "dependencies": { "@types/node": "*", "@types/ws": "~8.5.10" } }, "sha512-RCbMH5elr9gjgDGDhkTTugA21XtJAy/9jkKe/G3WR2q17VPGhcquf9Sir6uay9iW+7P/BV0CAHA1XlHXMAVKHg=="],

    "c8": ["c8@8.0.1", "", { "dependencies": { "@bcoe/v8-coverage": "^0.2.3", "@istanbuljs/schema": "^0.1.3", "find-up": "^5.0.0", "foreground-child": "^2.0.0", "istanbul-lib-coverage": "^3.2.0", "istanbul-lib-report": "^3.0.1", "istanbul-reports": "^3.1.6", "rimraf": "^3.0.2", "test-exclude": "^6.0.0", "v8-to-istanbul": "^9.0.0", "yargs": "^17.7.2", "yargs-parser": "^21.1.1" }, "bin": { "c8": "bin/c8.js" } }, "sha512-EINpopxZNH1mETuI0DzRA4MZpAUH+IFiRhnmFD3vFr3vdrgxqi3VfE3KL0AIL+zDq8rC9bZqwM/VDmmoe04y7w=="],

    "call-bind-apply-helpers": ["call-bind-apply-helpers@1.0.2", "", { "dependencies": { "es-errors": "^1.3.0", "function-bind": "^1.1.2" } }, "sha512-Sp1ablJ0ivDkSzjcaJdxEunN5/XvksFJ2sMBFfq6x0ryhQV/2b/KwFe21cMpmHtPOSij8K99/wSfoEuTObmuMQ=="],

    "chai": ["chai@5.2.0", "", { "dependencies": { "assertion-error": "^2.0.1", "check-error": "^2.1.1", "deep-eql": "^5.0.1", "loupe": "^3.1.0", "pathval": "^2.0.0" } }, "sha512-mCuXncKXk5iCLhfhwTc0izo0gtEmpz5CtG2y8GiOINBlMVS6v8TMRc5TaLWKS6692m9+dVVfzgeVxR5UxWHTYw=="],

    "check-error": ["check-error@2.1.1", "", {}, "sha512-OAlb+T7V4Op9OwdkjmguYRqncdlx5JiofwOAUkmTF+jNdHwzTaTs4sRAGpzLF3oOz5xAyDGrPgeIDFQmDOTiJw=="],

    "cliui": ["cliui@8.0.1", "", { "dependencies": { "string-width": "^4.2.0", "strip-ansi": "^6.0.1", "wrap-ansi": "^7.0.0" } }, "sha512-BSeNnyus75C4//NQ9gQt1/csTXyo/8Sb+afLAkzAptFuMsod9HFokGNudZpi/oQV73hnVK+sR+5PVRMd+Dr7YQ=="],

    "color-convert": ["color-convert@2.0.1", "", { "dependencies": { "color-name": "~1.1.4" } }, "sha512-RRECPsj7iu/xb5oKYcsFHSppFNnsj/52OVTRKb4zP5onXwVF3zVmmToNcOfGC+CRDpfK/U584fMg38ZHCaElKQ=="],

    "color-name": ["color-name@1.1.4", "", {}, "sha512-dOy+3AuW3a2wNbZHIuMZpTcgjGuLU/uBL/ubcZF9OXbDo8ff4O8yVp5Bf0efS8uEoYo5q4Fx7dY9OgQGXgAsQA=="],

    "combined-stream": ["combined-stream@1.0.8", "", { "dependencies": { "delayed-stream": "~1.0.0" } }, "sha512-FQN4MRfuJeHf7cBbBMJFXhKSDq+2kAArBlmRBvcvFE5BB1HZKXtSFASDhdlz9zOYwxh8lDdnvmMOe/+5cdoEdg=="],

    "concat-map": ["concat-map@0.0.1", "", {}, "sha512-/Srv4dswyQNBfohGpz9o6Yb3Gz3SrUDqBH5rTuhGR7ahtlbYKnVxw2bCFMRljaA7EXHaXZ8wsHdodFvbkhKmqg=="],

    "convert-source-map": ["convert-source-map@2.0.0", "", {}, "sha512-Kvp459HrV2FEJ1CAsi1Ku+MY3kasH19TFykTz2xWmMeq6bk2NU3XXvfJ+Q61m0xktWwt+1HSYf3JZsTms3aRJg=="],

    "cross-spawn": ["cross-spawn@7.0.6", "", { "dependencies": { "path-key": "^3.1.0", "shebang-command": "^2.0.0", "which": "^2.0.1" } }, "sha512-uV2QOWP2nWzsy2aMp8aRibhi9dlzF5Hgh5SHaB9OiTGEyDTiJJyx0uy51QXdyWbtAHNua4XJzUKca3OzKUd3vA=="],

    "data-uri-to-buffer": ["data-uri-to-buffer@4.0.1", "", {}, "sha512-0R9ikRb668HB7QDxT1vkpuUBtqc53YyAwMwGeUFKRojY/NWKvdZ+9UYtRfGmhqNbRkTSVpMbmyhXipFFv2cb/A=="],

    "debug": ["debug@4.4.0", "", { "dependencies": { "ms": "^2.1.3" } }, "sha512-6WTZ/IxCY/T6BALoZHaE4ctp9xm+Z5kY/pzYaCHRFeyVhojxlrm+46y68HA6hr0TcwEssoxNiDEUJQjfPZ/RYA=="],

    "deep-eql": ["deep-eql@5.0.2", "", {}, "sha512-h5k/5U50IJJFpzfL6nO9jaaumfjO/f2NjK/oYB2Djzm4p9L+3T9qWpZqZ2hAbLPuuYq9wrU08WQyBTL5GbPk5Q=="],

    "delayed-stream": ["delayed-stream@1.0.0", "", {}, "sha512-ZySD7Nf91aLB0RxL4KGrKHBXl7Eds1DAmEdcoVawXnLD7SDhpNgtuII2aAkg7a7QS41jxPSZ17p4VdGnMHk3MQ=="],

    "diff": ["diff@7.0.0", "", {}, "sha512-PJWHUb1RFevKCwaFA9RlG5tCd+FO5iRh9A8HEtkmBH2Li03iJriB6m6JIN4rGz3K3JLawI7/veA1xzRKP6ISBw=="],

    "dunder-proto": ["dunder-proto@1.0.1", "", { "dependencies": { "call-bind-apply-helpers": "^1.0.1", "es-errors": "^1.3.0", "gopd": "^1.2.0" } }, "sha512-KIN/nDJBQRcXw0MLVhZE9iQHmG68qAVIBg9CqmUYjmQIhgij9U5MFvrqkUL5FbtyyzZuOeOt0zdeRe4UY7ct+A=="],

    "emoji-regex": ["emoji-regex@8.0.0", "", {}, "sha512-MSjYzcWNOA0ewAHpz0MxpYFvwg6yjy1NG3xteoqz644VCo/RPgnr1/GGt+ic3iJTzQ8Eu3TdM14SawnVUmGE6A=="],

    "es-define-property": ["es-define-property@1.0.1", "", {}, "sha512-e3nRfgfUZ4rNGL232gUgX06QNyyez04KdjFrF+LTRoOXmrOgFKDg4BCdsjW8EnT69eqdYGmRpJwiPVYNrCaW3g=="],

    "es-errors": ["es-errors@1.3.0", "", {}, "sha512-Zf5H2Kxt2xjTvbJvP2ZWLEICxA6j+hAmMzIlypy4xcBg1vKVnx89Wy0GbS+kf5cwCVFFzdCFh2XSCFNULS6csw=="],

    "es-object-atoms": ["es-object-atoms@1.1.1", "", { "dependencies": { "es-errors": "^1.3.0" } }, "sha512-FGgH2h8zKNim9ljj7dankFPcICIK9Cp5bm+c2gQSYePhpaG5+esrLODihIorn+Pe6FGJzWhXQotPv73jTaldXA=="],

    "es-set-tostringtag": ["es-set-tostringtag@2.1.0", "", { "dependencies": { "es-errors": "^1.3.0", "get-intrinsic": "^1.2.6", "has-tostringtag": "^1.0.2", "hasown": "^2.0.2" } }, "sha512-j6vWzfrGVfyXxge+O0x5sh6cvxAog0a/4Rdd2K36zCMV5eJ+/+tOAngRO8cODMNWbVRdVlmGZQL2YS3yR8bIUA=="],

    "esbuild": ["esbuild@0.25.0", "", { "optionalDependencies": { "@esbuild/aix-ppc64": "0.25.0", "@esbuild/android-arm": "0.25.0", "@esbuild/android-arm64": "0.25.0", "@esbuild/android-x64": "0.25.0", "@esbuild/darwin-arm64": "0.25.0", "@esbuild/darwin-x64": "0.25.0", "@esbuild/freebsd-arm64": "0.25.0", "@esbuild/freebsd-x64": "0.25.0", "@esbuild/linux-arm": "0.25.0", "@esbuild/linux-arm64": "0.25.0", "@esbuild/linux-ia32": "0.25.0", "@esbuild/linux-loong64": "0.25.0", "@esbuild/linux-mips64el": "0.25.0", "@esbuild/linux-ppc64": "0.25.0", "@esbuild/linux-riscv64": "0.25.0", "@esbuild/linux-s390x": "0.25.0", "@esbuild/linux-x64": "0.25.0", "@esbuild/netbsd-arm64": "0.25.0", "@esbuild/netbsd-x64": "0.25.0", "@esbuild/openbsd-arm64": "0.25.0", "@esbuild/openbsd-x64": "0.25.0", "@esbuild/sunos-x64": "0.25.0", "@esbuild/win32-arm64": "0.25.0", "@esbuild/win32-ia32": "0.25.0", "@esbuild/win32-x64": "0.25.0" }, "bin": { "esbuild": "bin/esbuild" } }, "sha512-BXq5mqc8ltbaN34cDqWuYKyNhX8D/Z0J1xdtdQ8UcIIIyJyz+ZMKUt58tF3SrZ85jcfN/PZYhjR5uDQAYNVbuw=="],

    "escalade": ["escalade@3.2.0", "", {}, "sha512-WUj2qlxaQtO4g6Pq5c29GTcWGDyd8itL8zTlipgECz3JesAiiOKotd8JU6otB3PACgG6xkJUyVhboMS+bje/jA=="],

    "fetch-blob": ["fetch-blob@3.2.0", "", { "dependencies": { "node-domexception": "^1.0.0", "web-streams-polyfill": "^3.0.3" } }, "sha512-7yAQpD2UMJzLi1Dqv7qFYnPbaPx7ZfFK6PiIxQ4PfkGPyNyl2Ugx+a/umUonmKqjhM4DnfbMvdX6otXq83soQQ=="],

    "find-up": ["find-up@5.0.0", "", { "dependencies": { "locate-path": "^6.0.0", "path-exists": "^4.0.0" } }, "sha512-78/PXT1wlLLDgTzDs7sjq9hzz0vXD+zn+7wypEe4fXQxCmdmqfGsEPQxmiCSQI3ajFV91bVSsvNtrJRiW6nGng=="],

    "follow-redirects": ["follow-redirects@1.15.9", "", {}, "sha512-gew4GsXizNgdoRyqmyfMHyAmXsZDk6mHkSxZFCzW9gwlbtOW44CDtYavM+y+72qD/Vq2l550kMF52DT8fOLJqQ=="],

    "foreground-child": ["foreground-child@2.0.0", "", { "dependencies": { "cross-spawn": "^7.0.0", "signal-exit": "^3.0.2" } }, "sha512-dCIq9FpEcyQyXKCkyzmlPTFNgrCzPudOe+mhvJU5zAtlBnGVy2yKxtfsxK2tQBThwq225jcvBjpw1Gr40uzZCA=="],

    "form-data": ["form-data@4.0.2", "", { "dependencies": { "asynckit": "^0.4.0", "combined-stream": "^1.0.8", "es-set-tostringtag": "^2.1.0", "mime-types": "^2.1.12" } }, "sha512-hGfm/slu0ZabnNt4oaRZ6uREyfCj6P4fT/n6A1rGV+Z0VdGXjfOhVUpkn6qVQONHGIFwmveGXyDs75+nr6FM8w=="],

    "formdata-polyfill": ["formdata-polyfill@4.0.10", "", { "dependencies": { "fetch-blob": "^3.1.2" } }, "sha512-buewHzMvYL29jdeQTVILecSaZKnt/RJWjoZCF5OW60Z67/GmSLBkOFM7qh1PI3zFNtJbaZL5eQu1vLfazOwj4g=="],

    "fs.realpath": ["fs.realpath@1.0.0", "", {}, "sha512-OO0pH2lK6a0hZnAdau5ItzHPI6pUlvI7jMVnxUQRtw4owF2wk8lOSabtGDCTP4Ggrg2MbGnWO9X8K1t4+fGMDw=="],

    "fsevents": ["fsevents@2.3.3", "", { "os": "darwin" }, "sha512-5xoDfX+fL7faATnagmWPpbFtwh/R77WmMMqqHGS65C3vvB0YHrgF+B1YmZ3441tMj5n63k0212XNoJwzlhffQw=="],

    "function-bind": ["function-bind@1.1.2", "", {}, "sha512-7XHNxH7qX9xG5mIwxkhumTox/MIRNcOgDrxWsMt2pAr23WHp6MrRlN7FBSFpCpr+oVO0F744iUgR82nJMfG2SA=="],

    "get-caller-file": ["get-caller-file@2.0.5", "", {}, "sha512-DyFP3BM/3YHTQOCUL/w0OZHR0lpKeGrxotcHWcqNEdnltqFwXVfhEBQ94eIo34AfQpo0rGki4cyIiftY06h2Fg=="],

    "get-intrinsic": ["get-intrinsic@1.2.7", "", { "dependencies": { "call-bind-apply-helpers": "^1.0.1", "es-define-property": "^1.0.1", "es-errors": "^1.3.0", "es-object-atoms": "^1.0.0", "function-bind": "^1.1.2", "get-proto": "^1.0.0", "gopd": "^1.2.0", "has-symbols": "^1.1.0", "hasown": "^2.0.2", "math-intrinsics": "^1.1.0" } }, "sha512-VW6Pxhsrk0KAOqs3WEd0klDiF/+V7gQOpAvY1jVU/LHmaD/kQO4523aiJuikX/QAKYiW6x8Jh+RJej1almdtCA=="],

    "get-proto": ["get-proto@1.0.1", "", { "dependencies": { "dunder-proto": "^1.0.1", "es-object-atoms": "^1.0.0" } }, "sha512-sTSfBjoXBp89JvIKIefqw7U2CCebsc74kiY6awiGogKtoSGbgjYE/G/+l9sF3MWFPNc9IcoOC4ODfKHfxFmp0g=="],

    "get-tsconfig": ["get-tsconfig@4.10.0", "", { "dependencies": { "resolve-pkg-maps": "^1.0.0" } }, "sha512-kGzZ3LWWQcGIAmg6iWvXn0ei6WDtV26wzHRMwDSzmAbcXrTEXxHy6IehI6/4eT6VRKyMP1eF1VqwrVUmE/LR7A=="],

    "glob": ["glob@7.2.3", "", { "dependencies": { "fs.realpath": "^1.0.0", "inflight": "^1.0.4", "inherits": "2", "minimatch": "^3.1.1", "once": "^1.3.0", "path-is-absolute": "^1.0.0" } }, "sha512-nFR0zLpU2YCaRxwoCJvL6UvCH2JFyFVIvwTLsIf21AuHlMskA1hhTdk+LlYJtOlYt9v6dvszD2BGRqBL+iQK9Q=="],

    "gopd": ["gopd@1.2.0", "", {}, "sha512-ZUKRh6/kUFoAiTAtTYPZJ3hw9wNxx+BIBOijnlG9PnrJsCcSjs1wyyD6vJpaYtgnzDrKYRSqf3OO6Rfa93xsRg=="],

    "has-flag": ["has-flag@4.0.0", "", {}, "sha512-EykJT/Q1KjTWctppgIAgfSO0tKVuZUjhgMr17kqTumMl6Afv3EISleU7qZUzoXDFTAHTDC4NOoG/ZxU3EvlMPQ=="],

    "has-symbols": ["has-symbols@1.1.0", "", {}, "sha512-1cDNdwJ2Jaohmb3sg4OmKaMBwuC48sYni5HUw2DvsC8LjGTLK9h+eb1X6RyuOHe4hT0ULCW68iomhjUoKUqlPQ=="],

    "has-tostringtag": ["has-tostringtag@1.0.2", "", { "dependencies": { "has-symbols": "^1.0.3" } }, "sha512-NqADB8VjPFLM2V0VvHUewwwsw0ZWBaIdgo+ieHtK3hasLz4qeCRjYcqfB6AQrBggRKppKF8L52/VqdVsO47Dlw=="],

    "hasown": ["hasown@2.0.2", "", { "dependencies": { "function-bind": "^1.1.2" } }, "sha512-0hJU9SCPvmMzIBdZFqNPXWa6dqh7WdH0cII9y+CyS8rG3nL48Bclra9HmKhVVUHyPWNH5Y7xDwAB7bfgSjkUMQ=="],

    "html-escaper": ["html-escaper@2.0.2", "", {}, "sha512-H2iMtd0I4Mt5eYiapRdIDjp+XzelXQ0tFE4JS7YFwFevXXMmOp9myNrUvCg0D6ws8iqkRPBfKHgbwig1SmlLfg=="],

    "https-proxy-agent": ["https-proxy-agent@7.0.6", "", { "dependencies": { "agent-base": "^7.1.2", "debug": "4" } }, "sha512-vK9P5/iUfdl95AI+JVyUuIcVtd4ofvtrOr3HNtM2yxC9bnMbEdp3x01OhQNnjb8IJYi38VlTE3mBXwcfvywuSw=="],

    "inflight": ["inflight@1.0.6", "", { "dependencies": { "once": "^1.3.0", "wrappy": "1" } }, "sha512-k92I/b08q4wvFscXCLvqfsHCrjrF7yiXsQuIVvVE7N82W3+aqpzuUdBbfhWcy/FZR3/4IgflMgKLOsvPDrGCJA=="],

    "inherits": ["inherits@2.0.4", "", {}, "sha512-k/vGaX4/Yla3WzyMCvTQOXYeIHvqOKtnqBduzTHpzpQZzAskKMhZ2K+EnBiSM9zGSoIFeMpXKxa4dYeZIQqewQ=="],

    "is-fullwidth-code-point": ["is-fullwidth-code-point@3.0.0", "", {}, "sha512-zymm5+u+sCsSWyD9qNaejV3DFvhCKclKdizYaJUuHA83RLjb7nSuGnddCHGv0hk+KY7BMAlsWeK4Ueg6EV6XQg=="],

    "is-node-process": ["is-node-process@1.2.0", "", {}, "sha512-Vg4o6/fqPxIjtxgUH5QLJhwZ7gW5diGCVlXpuUfELC62CuxM1iHcRe51f2W1FDy04Ai4KJkagKjx3XaqyfRKXw=="],

    "isexe": ["isexe@2.0.0", "", {}, "sha512-RHxMLp9lnKHGHRng9QFhRCMbYAcVpn69smSGcq3f36xjgVVWThj4qqLbTLlq7Ssj8B+fIQ1EuCEGI2lKsyQeIw=="],

    "istanbul-lib-coverage": ["istanbul-lib-coverage@3.2.2", "", {}, "sha512-O8dpsF+r0WV/8MNRKfnmrtCWhuKjxrq2w+jpzBL5UZKTi2LeVWnWOmWRxFlesJONmc+wLAGvKQZEOanko0LFTg=="],

    "istanbul-lib-report": ["istanbul-lib-report@3.0.1", "", { "dependencies": { "istanbul-lib-coverage": "^3.0.0", "make-dir": "^4.0.0", "supports-color": "^7.1.0" } }, "sha512-GCfE1mtsHGOELCU8e/Z7YWzpmybrx/+dSTfLrvY8qRmaY6zXTKWn6WQIjaAFw069icm6GVMNkgu0NzI4iPZUNw=="],

    "istanbul-reports": ["istanbul-reports@3.1.7", "", { "dependencies": { "html-escaper": "^2.0.0", "istanbul-lib-report": "^3.0.0" } }, "sha512-BewmUXImeuRk2YY0PVbxgKAysvhRPUQE0h5QRM++nVWyubKGV0l8qQ5op8+B2DOmwSe63Jivj0BjkPQVf8fP5g=="],

    "json-stringify-safe": ["json-stringify-safe@5.0.1", "", {}, "sha512-ZClg6AaYvamvYEE82d3Iyd3vSSIjQ+odgjaTzRuO3s7toCdFKczob2i0zCh7JE8kWn17yvAWhUVxvqGwUalsRA=="],

    "just-extend": ["just-extend@6.2.0", "", {}, "sha512-cYofQu2Xpom82S6qD778jBDpwvvy39s1l/hrYij2u9AMdQcGRpaBu6kY4mVhuno5kJVi1DAz4aiphA2WI1/OAw=="],

    "locate-path": ["locate-path@6.0.0", "", { "dependencies": { "p-locate": "^5.0.0" } }, "sha512-iPZK6eYjbxRu3uB4/WZ3EsEIMJFMqAoopl3R+zuq0UjcAm/MO6KCweDgPfP3elTztoKP3KtnVHxTn2NHBSDVUw=="],

    "lodash.get": ["lodash.get@4.4.2", "", {}, "sha512-z+Uw/vLuy6gQe8cfaFWD7p0wVv8fJl3mbzXh33RS+0oW2wvUqiRXiQ69gLWSLpgB5/6sU+r6BlQR0MBILadqTQ=="],

    "loupe": ["loupe@3.1.3", "", {}, "sha512-kkIp7XSkP78ZxJEsSxW3712C6teJVoeHHwgo9zJ380de7IYyJ2ISlxojcH2pC5OFLewESmnRi/+XCDIEEVyoug=="],

    "make-dir": ["make-dir@4.0.0", "", { "dependencies": { "semver": "^7.5.3" } }, "sha512-hXdUTZYIVOt1Ex//jAQi+wTZZpUpwBj/0QsOzqegb3rGMMeJiSEu5xLHnYfBrRV4RH2+OCSOO95Is/7x1WJ4bw=="],

    "math-intrinsics": ["math-intrinsics@1.1.0", "", {}, "sha512-/IXtbwEk5HTPyEwyKX6hGkYXxM9nbj64B+ilVJnC/R6B0pH5G4V3b0pVbL7DBj4tkhBAppbQUlf6F6Xl9LHu1g=="],

    "mime-db": ["mime-db@1.52.0", "", {}, "sha512-sPU4uV7dYlvtWJxwwxHD0PuihVNiE7TyAbQ5SWxDCB9mUYvOgroQOwYQQOKPJ8CIbE+1ETVlOoK1UC2nU3gYvg=="],

    "mime-types": ["mime-types@2.1.35", "", { "dependencies": { "mime-db": "1.52.0" } }, "sha512-ZDY+bPm5zTTF+YpCrAU9nK0UgICYPT0QtT1NZWFv4s++TNkcgVaT0g6+4R2uI4MjQjzysHB1zxuWL50hzaeXiw=="],

    "minimatch": ["minimatch@3.1.2", "", { "dependencies": { "brace-expansion": "^1.1.7" } }, "sha512-J7p63hRiAjw1NDEww1W7i37+ByIrOWO5XQQAzZ3VOcL0PNybwpfmV/N05zFAzwQ9USyEcX6t3UO+K5aqBQOIHw=="],

    "ms": ["ms@2.1.3", "", {}, "sha512-6FlzubTLZG3J2a/NVCAleEhjzq5oxgHyaCU9yYXvcLsvoVaHJq/s5xXI6/XXP6tz7R9xAOtHnSO/tXtF3WRTlA=="],

    "nise": ["nise@6.1.1", "", { "dependencies": { "@sinonjs/commons": "^3.0.1", "@sinonjs/fake-timers": "^13.0.1", "@sinonjs/text-encoding": "^0.7.3", "just-extend": "^6.2.0", "path-to-regexp": "^8.1.0" } }, "sha512-aMSAzLVY7LyeM60gvBS423nBmIPP+Wy7St7hsb+8/fc1HmeoHJfLO8CKse4u3BtOZvQLJghYPI2i/1WZrEj5/g=="],

    "nock": ["nock@14.0.1", "", { "dependencies": { "@mswjs/interceptors": "^0.37.3", "json-stringify-safe": "^5.0.1", "propagate": "^2.0.0" } }, "sha512-IJN4O9pturuRdn60NjQ7YkFt6Rwei7ZKaOwb1tvUIIqTgeD0SDDAX3vrqZD4wcXczeEy/AsUXxpGpP/yHqV7xg=="],

    "node-domexception": ["node-domexception@1.0.0", "", {}, "sha512-/jKZoMpw0F8GRwl4/eLROPA3cfcXtLApP0QzLmUT/HuPCZWyB7IY9ZrMeKw2O/nFIqPQB3PVM9aYm0F312AXDQ=="],

    "node-fetch": ["node-fetch@3.3.2", "", { "dependencies": { "data-uri-to-buffer": "^4.0.0", "fetch-blob": "^3.1.4", "formdata-polyfill": "^4.0.10" } }, "sha512-dRB78srN/l6gqWulah9SrxeYnxeddIG30+GOqK/9OlLVyLg3HPnr6SqOWTWOXKRwC2eGYCkZ59NNuSgvSrpgOA=="],

    "once": ["once@1.4.0", "", { "dependencies": { "wrappy": "1" } }, "sha512-lNaJgI+2Q5URQBkccEKHTQOPaXdUxnZZElQTZY0MFUAuaEqe1E+Nyvgdz/aIyNi6Z9MzO5dv1H8n58/GELp3+w=="],

    "outvariant": ["outvariant@1.4.3", "", {}, "sha512-+Sl2UErvtsoajRDKCE5/dBz4DIvHXQQnAxtQTF04OJxY0+DyZXSo5P5Bb7XYWOh81syohlYL24hbDwxedPUJCA=="],

    "p-limit": ["p-limit@3.1.0", "", { "dependencies": { "yocto-queue": "^0.1.0" } }, "sha512-TYOanM3wGwNGsZN2cVTYPArw454xnXj5qmWF1bEoAc4+cU/ol7GVh7odevjp1FNHduHc3KZMcFduxU5Xc6uJRQ=="],

    "p-locate": ["p-locate@5.0.0", "", { "dependencies": { "p-limit": "^3.0.2" } }, "sha512-LaNjtRWUBY++zB5nE/NwcaoMylSPk+S+ZHNB1TzdbMJMny6dynpAGt7X/tl/QYq3TIeE6nxHppbo2LGymrG5Pw=="],

    "path-exists": ["path-exists@4.0.0", "", {}, "sha512-ak9Qy5Q7jYb2Wwcey5Fpvg2KoAc/ZIhLSLOSBmRmygPsGwkVVt0fZa0qrtMz+m6tJTAHfZQ8FnmB4MG4LWy7/w=="],

    "path-is-absolute": ["path-is-absolute@1.0.1", "", {}, "sha512-AVbw3UJ2e9bq64vSaS9Am0fje1Pa8pbGqTTsmXfaIiMpnr5DlDhfJOuLj9Sf95ZPVDAUerDfEk88MPmPe7UCQg=="],

    "path-key": ["path-key@3.1.1", "", {}, "sha512-ojmeN0qd+y0jszEtoY48r0Peq5dwMEkIlCOu6Q5f41lfkswXuKtYrhgoTpLnyIcHm24Uhqx+5Tqm2InSwLhE6Q=="],

    "path-to-regexp": ["path-to-regexp@8.2.0", "", {}, "sha512-TdrF7fW9Rphjq4RjrW0Kp2AW0Ahwu9sRGTkS6bvDi0SCwZlEZYmcfDbEsTz8RVk0EHIS/Vd1bv3JhG+1xZuAyQ=="],

    "pathval": ["pathval@2.0.0", "", {}, "sha512-vE7JKRyES09KiunauX7nd2Q9/L7lhok4smP9RZTDeD4MVs72Dp2qNFVz39Nz5a0FVEW0BJR6C0DYrq6unoziZA=="],

    "propagate": ["propagate@2.0.1", "", {}, "sha512-vGrhOavPSTz4QVNuBNdcNXePNdNMaO1xj9yBeH1ScQPjk/rhg9sSlCXPhMkFuaNNW/syTvYqsnbIJxMBfRbbag=="],

    "proxy-from-env": ["proxy-from-env@1.1.0", "", {}, "sha512-D+zkORCbA9f1tdWRK0RaCR3GPv50cMxcrz4X8k5LTSUD1Dkw47mKJEZQNunItRTkWwgtaUSo1RVFRIG9ZXiFYg=="],

    "require-directory": ["require-directory@2.1.1", "", {}, "sha512-fGxEI7+wsG9xrvdjsrlmL22OMTTiHRwAMroiEeMgq8gzoLC/PQr7RsRDSTLUg/bZAZtF+TVIkHc6/4RIKrui+Q=="],

    "resolve-pkg-maps": ["resolve-pkg-maps@1.0.0", "", {}, "sha512-seS2Tj26TBVOC2NIc2rOe2y2ZO7efxITtLZcGSOnHHNOQ7CkiUBfw0Iw2ck6xkIhPwLhKNLS8BO+hEpngQlqzw=="],

    "rimraf": ["rimraf@3.0.2", "", { "dependencies": { "glob": "^7.1.3" }, "bin": { "rimraf": "bin.js" } }, "sha512-JZkJMZkAGFFPP2YqXZXPbMlMBgsxzE8ILs4lMIX/2o0L9UBw9O/Y3o6wFw/i9YLapcUJWwqbi3kdxIPdC62TIA=="],

    "semver": ["semver@7.7.1", "", { "bin": { "semver": "bin/semver.js" } }, "sha512-hlq8tAfn0m/61p4BVRcPzIGr6LKiMwo4VM6dGi6pt4qcRkmNzTcWq6eCEjEh+qXjkMDvPlOFFSGwQjoEa6gyMA=="],

    "shebang-command": ["shebang-command@2.0.0", "", { "dependencies": { "shebang-regex": "^3.0.0" } }, "sha512-kHxr2zZpYtdmrN1qDjrrX/Z1rR1kG8Dx+gkpK1G4eXmvXswmcE1hTWBWYUzlraYw1/yZp6YuDY77YtvbN0dmDA=="],

    "shebang-regex": ["shebang-regex@3.0.0", "", {}, "sha512-7++dFhtcx3353uBaq8DDR4NuxBetBzC7ZQOhmTQInHEd6bSrXdiEyzCvG07Z44UYdLShWUyXt5M/yhz8ekcb1A=="],

    "signal-exit": ["signal-exit@3.0.7", "", {}, "sha512-wnD2ZE+l+SPC/uoS0vXeE9L1+0wuaMqKlfz9AMUo38JsyLSBWSFcHR1Rri62LZc12vLr1gb3jl7iwQhgwpAbGQ=="],

    "sinon": ["sinon@19.0.2", "", { "dependencies": { "@sinonjs/commons": "^3.0.1", "@sinonjs/fake-timers": "^13.0.2", "@sinonjs/samsam": "^8.0.1", "diff": "^7.0.0", "nise": "^6.1.1", "supports-color": "^7.2.0" } }, "sha512-euuToqM+PjO4UgXeLETsfQiuoyPXlqFezr6YZDFwHR3t4qaX0fZUe1MfPMznTL5f8BWrVS89KduLdMUsxFCO6g=="],

    "strict-event-emitter": ["strict-event-emitter@0.5.1", "", {}, "sha512-vMgjE/GGEPEFnhFub6pa4FmJBRBVOLpIII2hvCZ8Kzb7K0hlHo7mQv6xYrBvCL2LtAIBwFUK8wvuJgTVSQ5MFQ=="],

    "string-width": ["string-width@4.2.3", "", { "dependencies": { "emoji-regex": "^8.0.0", "is-fullwidth-code-point": "^3.0.0", "strip-ansi": "^6.0.1" } }, "sha512-wKyQRQpjJ0sIp62ErSZdGsjMJWsap5oRNihHhu6G7JVO/9jIB6UyevL+tXuOqrng8j/cxKTWyWUwvSTriiZz/g=="],

    "strip-ansi": ["strip-ansi@6.0.1", "", { "dependencies": { "ansi-regex": "^5.0.1" } }, "sha512-Y38VPSHcqkFrCpFnQ9vuSXmquuv5oXOKpGeT6aGrr3o3Gc9AlVa6JBfUSOCnbxGGZF+/0ooI7KrPuUSztUdU5A=="],

    "supports-color": ["supports-color@7.2.0", "", { "dependencies": { "has-flag": "^4.0.0" } }, "sha512-qpCAvRl9stuOHveKsn7HncJRvv501qIacKzQlO/+Lwxc9+0q2wLyv4Dfvt80/DPn2pqOBsJdDiogXGR9+OvwRw=="],

    "test-exclude": ["test-exclude@6.0.0", "", { "dependencies": { "@istanbuljs/schema": "^0.1.2", "glob": "^7.1.4", "minimatch": "^3.0.4" } }, "sha512-cAGWPIyOHU6zlmg88jwm7VRyXnMN7iV68OGAbYDk/Mh/xC/pzVPlQtY6ngoIH/5/tciuhGfvESU8GrHrcxD56w=="],

    "tsx": ["tsx@4.19.3", "", { "dependencies": { "esbuild": "~0.25.0", "get-tsconfig": "^4.7.5" }, "optionalDependencies": { "fsevents": "~2.3.3" }, "bin": { "tsx": "dist/cli.mjs" } }, "sha512-4H8vUNGNjQ4V2EOoGw005+c+dGuPSnhpPBPHBtsZdGZBk/iJb4kguGlPWaZTZ3q5nMtFOEsY0nRDlh9PJyd6SQ=="],

    "type-detect": ["type-detect@4.0.8", "", {}, "sha512-0fr/mIH1dlO+x7TlcMy+bIDqKPsw/70tVyeHW787goQjhmqaZe10uwLujubK9q9Lg6Fiho1KUKDYz0Z7k7g5/g=="],

    "typescript": ["typescript@5.7.3", "", { "bin": { "tsc": "bin/tsc", "tsserver": "bin/tsserver" } }, "sha512-84MVSjMEHP+FQRPy3pX9sTVV/INIex71s9TL2Gm5FG/WG1SqXeKyZ0k7/blY/4FdOzI12CBy1vGc4og/eus0fw=="],

    "undici-types": ["undici-types@6.19.8", "", {}, "sha512-ve2KP6f/JnbPBFyobGHuerC9g1FYGn/F8n1LWTwNxCEzd6IfqTwUQcNXgEtmmQ6DlRrC1hrSrBnCZPokRrDHjw=="],

    "v8-to-istanbul": ["v8-to-istanbul@9.3.0", "", { "dependencies": { "@jridgewell/trace-mapping": "^0.3.12", "@types/istanbul-lib-coverage": "^2.0.1", "convert-source-map": "^2.0.0" } }, "sha512-kiGUalWN+rgBJ/1OHZsBtU4rXZOfj/7rKQxULKlIzwzQSvMJUUNgPwJEEh7gU6xEVxC0ahoOBvN2YI8GH6FNgA=="],

    "web-streams-polyfill": ["web-streams-polyfill@3.3.3", "", {}, "sha512-d2JWLCivmZYTSIoge9MsgFCZrt571BikcWGYkjC1khllbTeDlGqZ2D8vD8E/lJa8WGWbb7Plm8/XJYV7IJHZZw=="],

    "which": ["which@2.0.2", "", { "dependencies": { "isexe": "^2.0.0" }, "bin": { "node-which": "./bin/node-which" } }, "sha512-BLI3Tl1TW3Pvl70l3yq3Y64i+awpwXqsGBYWkkqMtnbXgrMD+yj7rhW0kuEDxzJaYXGjEW5ogapKNMEKNMjibA=="],

    "wrap-ansi": ["wrap-ansi@7.0.0", "", { "dependencies": { "ansi-styles": "^4.0.0", "string-width": "^4.1.0", "strip-ansi": "^6.0.0" } }, "sha512-YVGIj2kamLSTxw6NsZjoBxfSwsn0ycdesmc4p+Q21c5zPuZ1pl+NfxVdxPtdHvmNVOQ6XSYG4AUtyt/Fi7D16Q=="],

    "wrappy": ["wrappy@1.0.2", "", {}, "sha512-l4Sp/DRseor9wL6EvV2+TuQn63dMkPjZ/sp9XkghTEbV9KlPS1xUsZ3u7/IQO4wxtcFB4bgpQPRcR3QCvezPcQ=="],

    "y18n": ["y18n@5.0.8", "", {}, "sha512-0pfFzegeDWJHJIAmTLRP2DwHjdF5s7jo9tuztdQxAhINCdvS+3nGINqPd00AphqJR/0LhANUS6/+7SCb98YOfA=="],

    "yargs": ["yargs@17.7.2", "", { "dependencies": { "cliui": "^8.0.1", "escalade": "^3.1.1", "get-caller-file": "^2.0.5", "require-directory": "^2.1.1", "string-width": "^4.2.3", "y18n": "^5.0.5", "yargs-parser": "^21.1.1" } }, "sha512-7dSzzRQ++CKnNI/krKnYRV7JKKPUXMEh61soaHKg9mrWEhzFWhFnxPxGl+69cD1Ou63C13NUPCnmIcrvqCuM6w=="],

    "yargs-parser": ["yargs-parser@21.1.1", "", {}, "sha512-tVpsJW7DdjecAiFpbIB1e3qxIQsE6NoPc5/eTdrbbIC4h0LVsWhnoa3g+m2HclBIujHzsxZ4VJVA+GUuc2/LBw=="],

    "yocto-queue": ["yocto-queue@0.1.0", "", {}, "sha512-rVksvsnNCdJ/ohGc6xgPwyN8eheCxsiLM8mxuE/t/mOVqJewPuO1miLpTHQiRgTKCLexL4MeAFVagts7HmNZ2Q=="],

    "@sinonjs/samsam/type-detect": ["type-detect@4.1.0", "", {}, "sha512-Acylog8/luQ8L7il+geoSxhEkazvkslg7PSNKOX59mbB9cOveP5aq9h74Y7YU8yDpJwetzQQrfIwtf4Wp4LKcw=="],

    "@types/ws/@types/node": ["@types/node@22.13.4", "", { "dependencies": { "undici-types": "~6.20.0" } }, "sha512-ywP2X0DYtX3y08eFVx5fNIw7/uIv8hYUKgXoK8oayJlLnKcRfEYCxWMVE1XagUdVtCJlZT1AU4LXEABW+L1Peg=="],

    "bun-types/@types/node": ["@types/node@22.13.4", "", { "dependencies": { "undici-types": "~6.20.0" } }, "sha512-ywP2X0DYtX3y08eFVx5fNIw7/uIv8hYUKgXoK8oayJlLnKcRfEYCxWMVE1XagUdVtCJlZT1AU4LXEABW+L1Peg=="],

    "@types/ws/@types/node/undici-types": ["undici-types@6.20.0", "", {}, "sha512-Ny6QZ2Nju20vw1SRHe3d9jVu6gJ+4e3+MMpqu7pqE5HT6WsTSlce++GQmK5UXS8mzV8DSYHrQH+Xrf2jVcuKNg=="],

    "bun-types/@types/node/undici-types": ["undici-types@6.20.0", "", {}, "sha512-Ny6QZ2Nju20vw1SRHe3d9jVu6gJ+4e3+MMpqu7pqE5HT6WsTSlce++GQmK5UXS8mzV8DSYHrQH+Xrf2jVcuKNg=="],
  }
}
